{
  "name": "sonic-tests-integration",
  "version": "1.0.0",
  "lockfileVersion": 1,
  "requires": true,
  "dependencies": {
    "sonic-channel": {
      "version": "1.2.5",
      "resolved": "https://registry.npmjs.org/sonic-channel/-/sonic-channel-1.2.5.tgz",
      "integrity": "sha512-tgyV+l98yT4jSOFztj1BKn4DammFS7Cdaaxn9EnCMYHJ1N1sD+IQDsyrA9lKaJV1gRQRHNPc9HAsRQP2L/BR1g=="
    }
  }
}
